{
  "version": 4,
  "terraform_version": "1.4.6",
  "serial": 2,
  "lineage": "53833548-b89c-dec2-4d88-898d3243c35a",
  "outputs": {
    "cloudfront_domain": {
      "value": null,
      "type": "string"
    },
    "cloudfront_id": {
      "value": null,
      "type": "string"
    }
  },
  "resources": [
    {
      "mode": "data",
      "type": "aws_s3_bucket",
      "name": "assets",
      "provider": "provider[\"registry.terraform.io/hashicorp/aws\"]",
      "instances": [
        {
          "schema_version": 0,
          "attributes": {
            "arn": "arn:aws:s3:::fitmycv-assets",
            "bucket": "fitmycv-assets",
            "bucket_domain_name": "fitmycv-assets.s3.amazonaws.com",
            "bucket_regional_domain_name": "fitmycv-assets.s3.us-east-1.amazonaws.com",
            "hosted_zone_id": "Z3AQBSTGFYJSTF",
            "id": "fitmycv-assets",
            "region": "us-east-1",
            "website_domain": null,
            "website_endpoint": null
          },
          "sensitive_attributes": []
        }
      ]
    },
    {
      "mode": "data",
      "type": "aws_s3_bucket",
      "name": "frontend",
      "provider": "provider[\"registry.terraform.io/hashicorp/aws\"]",
      "instances": [
        {
          "schema_version": 0,
          "attributes": {
            "arn": "arn:aws:s3:::fitmycv-frontend",
            "bucket": "fitmycv-frontend",
            "bucket_domain_name": "fitmycv-frontend.s3.amazonaws.com",
            "bucket_regional_domain_name": "fitmycv-frontend.s3.us-east-1.amazonaws.com",
            "hosted_zone_id": "Z3AQBSTGFYJSTF",
            "id": "fitmycv-frontend",
            "region": "us-east-1",
            "website_domain": null,
            "website_endpoint": null
          },
          "sensitive_attributes": []
        }
      ]
    },
    {
      "mode": "managed",
      "type": "aws_cloudfront_origin_access_control",
      "name": "frontend",
      "provider": "provider[\"registry.terraform.io/hashicorp/aws\"]",
      "instances": [
        {
          "schema_version": 0,
          "attributes": {
            "arn": "arn:aws:cloudfront::957650740525:origin-access-control/E31VEDUR4W8KFP",
            "description": "Origin access control for the frontend bucket",
            "etag": "ETVPDKIKX0DER",
            "id": "E31VEDUR4W8KFP",
            "name": "fitmycv-frontend-oac",
            "origin_access_control_origin_type": "s3",
            "signing_behavior": "always",
            "signing_protocol": "sigv4"
          },
          "sensitive_attributes": [],
          "private": "eyJzY2hlbWFfdmVyc2lvbiI6IjAifQ=="
        }
      ]
    },
    {
      "mode": "managed",
      "type": "aws_s3_bucket_policy",
      "name": "frontend",
      "provider": "provider[\"registry.terraform.io/hashicorp/aws\"]",
      "instances": [
        {
          "schema_version": 0,
          "attributes": {
            "bucket": "fitmycv-frontend",
            "id": "fitmycv-frontend",
            "policy": "{\"Statement\":[{\"Action\":\"s3:GetObject\",\"Condition\":{\"StringEquals\":{\"AWS:SourceArn\":\"arn:aws:cloudfront::957650740525:distribution/E37O5HIIRD90L5\"}},\"Effect\":\"Allow\",\"Principal\":{\"Service\":\"cloudfront.amazonaws.com\"},\"Resource\":\"arn:aws:s3:::fitmycv-frontend/*\",\"Sid\":\"AllowCloudFrontOACRead\"},{\"Action\":\"s3:ListBucket\",\"Condition\":{\"StringEquals\":{\"AWS:SourceArn\":\"arn:aws:cloudfront::957650740525:distribution/E37O5HIIRD90L5\"}},\"Effect\":\"Allow\",\"Principal\":{\"Service\":\"cloudfront.amazonaws.com\"},\"Resource\":\"arn:aws:s3:::fitmycv-frontend\",\"Sid\":\"AllowCloudFrontOACList\"}],\"Version\":\"2012-10-17\"}"
          },
          "sensitive_attributes": [],
          "private": "eyJzY2hlbWFfdmVyc2lvbiI6IjAifQ=="
        }
      ]
    }
  ],
  "check_results": null
}
